
Microsoft Visual Studio Solution File, Format Version 12.00
# Visual Studio Version 16
VisualStudioVersion = 16.0.31729.503
MinimumVisualStudioVersion = 10.0.40219.1
Project("{FAE04EC0-301F-11D3-BF4B-00C04F79EFBC}") = "CICDTest", "CICDTest\CICDTest.csproj", "{367FCA7B-2248-441E-8978-310E0ABCD226}"
EndProject
Global
	GlobalSection(SolutionConfigurationPlatforms) = preSolution
		Debug|Any CPU = Debug|Any CPU
		Release|Any CPU = Release|Any CPU
	EndGlobalSection
	GlobalSection(ProjectConfigurationPlatforms) = postSolution
		{367FCA7B-2248-441E-8978-310E0ABCD226}.Debug|Any CPU.ActiveCfg = Debug|Any CPU
		{367FCA7B-2248-441E-8978-310E0ABCD226}.Debug|Any CPU.Build.0 = Debug|Any CPU
		{367FCA7B-2248-441E-8978-310E0ABCD226}.Release|Any CPU.ActiveCfg = Release|Any CPU
		{367FCA7B-2248-441E-8978-310E0ABCD226}.Release|Any CPU.Build.0 = Release|Any CPU
	EndGlobalSection
	GlobalSection(SolutionProperties) = preSolution
		HideSolutionNode = FALSE
	EndGlobalSection
	GlobalSection(ExtensibilityGlobals) = postSolution
		SolutionGuid = {18D0A626-001A-47F2-A8EB-C18F3E4B9FC8}
	EndGlobalSection
EndGlobal
